
Microsoft Visual Studio Solution File, Format Version 12.00
# Visual Studio Version 17
VisualStudioVersion = 17.0.32112.339
MinimumVisualStudioVersion = 10.0.40219.1
Project("{FAE04EC0-301F-11D3-BF4B-00C04F79EFBC}") = "pizza parler", "pizza parler\pizza parler.csproj", "{494A66C6-8526-4BBF-9BC0-4C721391B916}"
EndProject
Global
	GlobalSection(SolutionConfigurationPlatforms) = preSolution
		Debug|Any CPU = Debug|Any CPU
		Release|Any CPU = Release|Any CPU
	EndGlobalSection
	GlobalSection(ProjectConfigurationPlatforms) = postSolution
		{494A66C6-8526-4BBF-9BC0-4C721391B916}.Debug|Any CPU.ActiveCfg = Debug|Any CPU
		{494A66C6-8526-4BBF-9BC0-4C721391B916}.Debug|Any CPU.Build.0 = Debug|Any CPU
		{494A66C6-8526-4BBF-9BC0-4C721391B916}.Release|Any CPU.ActiveCfg = Release|Any CPU
		{494A66C6-8526-4BBF-9BC0-4C721391B916}.Release|Any CPU.Build.0 = Release|Any CPU
	EndGlobalSection
	GlobalSection(SolutionProperties) = preSolution
		HideSolutionNode = FALSE
	EndGlobalSection
	GlobalSection(ExtensibilityGlobals) = postSolution
		SolutionGuid = {2B4A928B-434F-406D-AD33-BCD40DF260CF}
	EndGlobalSection
EndGlobal
